
Microsoft Visual Studio Solution File, Format Version 12.00
# Visual Studio Version 17
VisualStudioVersion = 17.0.31903.59
MinimumVisualStudioVersion = 10.0.40219.1
Project("{2150E333-8FDC-42A3-9474-1A3956D46DE8}") = "src", "src", "{827E0CD3-B72D-47B6-A68D-7590B98EB39B}"
EndProject
Project("{2150E333-8FDC-42A3-9474-1A3956D46DE8}") = "bridge", "bridge", "{A21A6857-927A-DC29-726B-77DA6C243883}"
EndProject
Project("{FAE04EC0-301F-11D3-BF4B-00C04F79EFBC}") = "UINet.Bridge", "src\bridge\UINet.Bridge\UINet.Bridge.csproj", "{80913522-8C14-4A34-95FA-77E2009D6805}"
EndProject
Project("{2150E333-8FDC-42A3-9474-1A3956D46DE8}") = "host", "host", "{981C2CF6-E5BB-602A-511C-234B538302B0}"
EndProject
Project("{FAE04EC0-301F-11D3-BF4B-00C04F79EFBC}") = "UINet.Host.Maui", "src\host\UINet.Host.Maui\UINet.Host.Maui.csproj", "{AD66DB0E-209A-4307-A9BD-81AF152CBDEE}"
EndProject
Project("{2150E333-8FDC-42A3-9474-1A3956D46DE8}") = "modules", "modules", "{EC447DCF-ABFA-6E24-52A5-D7FD48A5C558}"
EndProject
Project("{FAE04EC0-301F-11D3-BF4B-00C04F79EFBC}") = "UINet.Modules.FileSystem", "src\modules\UINet.Modules.FileSystem\UINet.Modules.FileSystem.csproj", "{325B5D7A-AB47-4CD4-BE2A-8AA8FA167188}"
EndProject
Project("{FAE04EC0-301F-11D3-BF4B-00C04F79EFBC}") = "UINet.Modules.Dialogs", "src\modules\UINet.Modules.Dialogs\UINet.Modules.Dialogs.csproj", "{A54D3C56-12D5-4519-8652-34E5B0A99194}"
EndProject
Project("{FAE04EC0-301F-11D3-BF4B-00C04F79EFBC}") = "UINet.Modules.Clipboard", "src\modules\UINet.Modules.Clipboard\UINet.Modules.Clipboard.csproj", "{A0EFB94F-D9A5-4A5C-91D9-E7E56E1B1519}"
EndProject
Project("{FAE04EC0-301F-11D3-BF4B-00C04F79EFBC}") = "UINet.Modules.Notifications", "src\modules\UINet.Modules.Notifications\UINet.Modules.Notifications.csproj", "{6A60E949-D3BE-4270-BC6D-AD2BDC2E61B1}"
EndProject
Project("{FAE04EC0-301F-11D3-BF4B-00C04F79EFBC}") = "UINet.Modules.AppLifecycle", "src\modules\UINet.Modules.AppLifecycle\UINet.Modules.AppLifecycle.csproj", "{557B5F6A-47F2-460A-908B-3A40139BA374}"
EndProject
Project("{2150E333-8FDC-42A3-9474-1A3956D46DE8}") = "tools", "tools", "{DCB6FCB8-FF92-AC57-0842-1F72A354D6B1}"
EndProject
Project("{FAE04EC0-301F-11D3-BF4B-00C04F79EFBC}") = "UINet.CodeGen", "src\tools\UINet.CodeGen\UINet.CodeGen.csproj", "{6D8B0635-B1D2-4492-8FBB-16F06457E38F}"
EndProject
Project("{FAE04EC0-301F-11D3-BF4B-00C04F79EFBC}") = "UINet.Host.Maui.Core", "src\host\UINet.Host.Maui.Core\UINet.Host.Maui.Core.csproj", "{0B249956-D070-45E6-832E-6E6210989A62}"
EndProject
Project("{FAE04EC0-301F-11D3-BF4B-00C04F79EFBC}") = "UINet.Modules.Windowing", "src\modules\UINet.Modules.Windowing\UINet.Modules.Windowing.csproj", "{AAD76FF5-E771-45A8-8E93-58AD59540312}"
EndProject
Project("{2150E333-8FDC-42A3-9474-1A3956D46DE8}") = "tests", "tests", "{0AB3BF05-4346-4AA6-1389-037BE0695223}"
EndProject
Project("{FAE04EC0-301F-11D3-BF4B-00C04F79EFBC}") = "UINet.Bridge.Tests", "tests\dotnet\UINet.Bridge.Tests\UINet.Bridge.Tests.csproj", "{A90A8EAE-49F8-4349-BEA8-A9B1E79BACCB}"
EndProject
Project("{FAE04EC0-301F-11D3-BF4B-00C04F79EFBC}") = "UINet.CodeGen.Tests", "tests\dotnet\UINet.CodeGen.Tests\UINet.CodeGen.Tests.csproj", "{652CFEC4-EB54-428B-AFE9-E14174BB5428}"
EndProject
Project("{FAE04EC0-301F-11D3-BF4B-00C04F79EFBC}") = "UINet.CodeGen.TestFixtures", "tests\dotnet\UINet.CodeGen.TestFixtures\UINet.CodeGen.TestFixtures.csproj", "{EBE92802-274F-4A72-B337-2442C1D95A0B}"
EndProject
Project("{2150E333-8FDC-42A3-9474-1A3956D46DE8}") = "dotnet", "dotnet", "{35C501C9-8590-3B46-F622-E1ABED50CEA9}"
EndProject
Project("{FAE04EC0-301F-11D3-BF4B-00C04F79EFBC}") = "UINet.Modules.FileSystem.Tests", "tests\dotnet\UINet.Modules.FileSystem.Tests\UINet.Modules.FileSystem.Tests.csproj", "{62D5982B-3238-4371-B307-9C8CCA80B07A}"
EndProject
Project("{FAE04EC0-301F-11D3-BF4B-00C04F79EFBC}") = "UINet.Modules.Windowing.Tests", "tests\dotnet\UINet.Modules.Windowing.Tests\UINet.Modules.Windowing.Tests.csproj", "{0A8D70F8-10AF-4FEF-947A-27F0F423EB48}"
EndProject
Project("{FAE04EC0-301F-11D3-BF4B-00C04F79EFBC}") = "UINet.Bridge.Smoke", "tests\dotnet\UINet.Bridge.Smoke\UINet.Bridge.Smoke.csproj", "{8F7973D5-5CD8-43CB-8941-691167BC4D75}"
EndProject
Global
	GlobalSection(SolutionConfigurationPlatforms) = preSolution
		Debug|Any CPU = Debug|Any CPU
		Debug|x64 = Debug|x64
		Debug|x86 = Debug|x86
		Release|Any CPU = Release|Any CPU
		Release|x64 = Release|x64
		Release|x86 = Release|x86
	EndGlobalSection
	GlobalSection(ProjectConfigurationPlatforms) = postSolution
		{80913522-8C14-4A34-95FA-77E2009D6805}.Debug|Any CPU.ActiveCfg = Debug|Any CPU
		{80913522-8C14-4A34-95FA-77E2009D6805}.Debug|Any CPU.Build.0 = Debug|Any CPU
		{80913522-8C14-4A34-95FA-77E2009D6805}.Debug|x64.ActiveCfg = Debug|Any CPU
		{80913522-8C14-4A34-95FA-77E2009D6805}.Debug|x64.Build.0 = Debug|Any CPU
		{80913522-8C14-4A34-95FA-77E2009D6805}.Debug|x86.ActiveCfg = Debug|Any CPU
		{80913522-8C14-4A34-95FA-77E2009D6805}.Debug|x86.Build.0 = Debug|Any CPU
		{80913522-8C14-4A34-95FA-77E2009D6805}.Release|Any CPU.ActiveCfg = Release|Any CPU
		{80913522-8C14-4A34-95FA-77E2009D6805}.Release|Any CPU.Build.0 = Release|Any CPU
		{80913522-8C14-4A34-95FA-77E2009D6805}.Release|x64.ActiveCfg = Release|Any CPU
		{80913522-8C14-4A34-95FA-77E2009D6805}.Release|x64.Build.0 = Release|Any CPU
		{80913522-8C14-4A34-95FA-77E2009D6805}.Release|x86.ActiveCfg = Release|Any CPU
		{80913522-8C14-4A34-95FA-77E2009D6805}.Release|x86.Build.0 = Release|Any CPU
		{AD66DB0E-209A-4307-A9BD-81AF152CBDEE}.Debug|Any CPU.ActiveCfg = Debug|Any CPU
		{AD66DB0E-209A-4307-A9BD-81AF152CBDEE}.Debug|Any CPU.Build.0 = Debug|Any CPU
		{AD66DB0E-209A-4307-A9BD-81AF152CBDEE}.Debug|x64.ActiveCfg = Debug|Any CPU
		{AD66DB0E-209A-4307-A9BD-81AF152CBDEE}.Debug|x64.Build.0 = Debug|Any CPU
		{AD66DB0E-209A-4307-A9BD-81AF152CBDEE}.Debug|x86.ActiveCfg = Debug|Any CPU
		{AD66DB0E-209A-4307-A9BD-81AF152CBDEE}.Debug|x86.Build.0 = Debug|Any CPU
		{AD66DB0E-209A-4307-A9BD-81AF152CBDEE}.Release|Any CPU.ActiveCfg = Release|Any CPU
		{AD66DB0E-209A-4307-A9BD-81AF152CBDEE}.Release|Any CPU.Build.0 = Release|Any CPU
		{AD66DB0E-209A-4307-A9BD-81AF152CBDEE}.Release|x64.ActiveCfg = Release|Any CPU
		{AD66DB0E-209A-4307-A9BD-81AF152CBDEE}.Release|x64.Build.0 = Release|Any CPU
		{AD66DB0E-209A-4307-A9BD-81AF152CBDEE}.Release|x86.ActiveCfg = Release|Any CPU
		{AD66DB0E-209A-4307-A9BD-81AF152CBDEE}.Release|x86.Build.0 = Release|Any CPU
		{325B5D7A-AB47-4CD4-BE2A-8AA8FA167188}.Debug|Any CPU.ActiveCfg = Debug|Any CPU
		{325B5D7A-AB47-4CD4-BE2A-8AA8FA167188}.Debug|Any CPU.Build.0 = Debug|Any CPU
		{325B5D7A-AB47-4CD4-BE2A-8AA8FA167188}.Debug|x64.ActiveCfg = Debug|Any CPU
		{325B5D7A-AB47-4CD4-BE2A-8AA8FA167188}.Debug|x64.Build.0 = Debug|Any CPU
		{325B5D7A-AB47-4CD4-BE2A-8AA8FA167188}.Debug|x86.ActiveCfg = Debug|Any CPU
		{325B5D7A-AB47-4CD4-BE2A-8AA8FA167188}.Debug|x86.Build.0 = Debug|Any CPU
		{325B5D7A-AB47-4CD4-BE2A-8AA8FA167188}.Release|Any CPU.ActiveCfg = Release|Any CPU
		{325B5D7A-AB47-4CD4-BE2A-8AA8FA167188}.Release|Any CPU.Build.0 = Release|Any CPU
		{325B5D7A-AB47-4CD4-BE2A-8AA8FA167188}.Release|x64.ActiveCfg = Release|Any CPU
		{325B5D7A-AB47-4CD4-BE2A-8AA8FA167188}.Release|x64.Build.0 = Release|Any CPU
		{325B5D7A-AB47-4CD4-BE2A-8AA8FA167188}.Release|x86.ActiveCfg = Release|Any CPU
		{325B5D7A-AB47-4CD4-BE2A-8AA8FA167188}.Release|x86.Build.0 = Release|Any CPU
		{A54D3C56-12D5-4519-8652-34E5B0A99194}.Debug|Any CPU.ActiveCfg = Debug|Any CPU
		{A54D3C56-12D5-4519-8652-34E5B0A99194}.Debug|Any CPU.Build.0 = Debug|Any CPU
		{A54D3C56-12D5-4519-8652-34E5B0A99194}.Debug|x64.ActiveCfg = Debug|Any CPU
		{A54D3C56-12D5-4519-8652-34E5B0A99194}.Debug|x64.Build.0 = Debug|Any CPU
		{A54D3C56-12D5-4519-8652-34E5B0A99194}.Debug|x86.ActiveCfg = Debug|Any CPU
		{A54D3C56-12D5-4519-8652-34E5B0A99194}.Debug|x86.Build.0 = Debug|Any CPU
		{A54D3C56-12D5-4519-8652-34E5B0A99194}.Release|Any CPU.ActiveCfg = Release|Any CPU
		{A54D3C56-12D5-4519-8652-34E5B0A99194}.Release|Any CPU.Build.0 = Release|Any CPU
		{A54D3C56-12D5-4519-8652-34E5B0A99194}.Release|x64.ActiveCfg = Release|Any CPU
		{A54D3C56-12D5-4519-8652-34E5B0A99194}.Release|x64.Build.0 = Release|Any CPU
		{A54D3C56-12D5-4519-8652-34E5B0A99194}.Release|x86.ActiveCfg = Release|Any CPU
		{A54D3C56-12D5-4519-8652-34E5B0A99194}.Release|x86.Build.0 = Release|Any CPU
		{A0EFB94F-D9A5-4A5C-91D9-E7E56E1B1519}.Debug|Any CPU.ActiveCfg = Debug|Any CPU
		{A0EFB94F-D9A5-4A5C-91D9-E7E56E1B1519}.Debug|Any CPU.Build.0 = Debug|Any CPU
		{A0EFB94F-D9A5-4A5C-91D9-E7E56E1B1519}.Debug|x64.ActiveCfg = Debug|Any CPU
		{A0EFB94F-D9A5-4A5C-91D9-E7E56E1B1519}.Debug|x64.Build.0 = Debug|Any CPU
		{A0EFB94F-D9A5-4A5C-91D9-E7E56E1B1519}.Debug|x86.ActiveCfg = Debug|Any CPU
		{A0EFB94F-D9A5-4A5C-91D9-E7E56E1B1519}.Debug|x86.Build.0 = Debug|Any CPU
		{A0EFB94F-D9A5-4A5C-91D9-E7E56E1B1519}.Release|Any CPU.ActiveCfg = Release|Any CPU
		{A0EFB94F-D9A5-4A5C-91D9-E7E56E1B1519}.Release|Any CPU.Build.0 = Release|Any CPU
		{A0EFB94F-D9A5-4A5C-91D9-E7E56E1B1519}.Release|x64.ActiveCfg = Release|Any CPU
		{A0EFB94F-D9A5-4A5C-91D9-E7E56E1B1519}.Release|x64.Build.0 = Release|Any CPU
		{A0EFB94F-D9A5-4A5C-91D9-E7E56E1B1519}.Release|x86.ActiveCfg = Release|Any CPU
		{A0EFB94F-D9A5-4A5C-91D9-E7E56E1B1519}.Release|x86.Build.0 = Release|Any CPU
		{6A60E949-D3BE-4270-BC6D-AD2BDC2E61B1}.Debug|Any CPU.ActiveCfg = Debug|Any CPU
		{6A60E949-D3BE-4270-BC6D-AD2BDC2E61B1}.Debug|Any CPU.Build.0 = Debug|Any CPU
		{6A60E949-D3BE-4270-BC6D-AD2BDC2E61B1}.Debug|x64.ActiveCfg = Debug|Any CPU
		{6A60E949-D3BE-4270-BC6D-AD2BDC2E61B1}.Debug|x64.Build.0 = Debug|Any CPU
		{6A60E949-D3BE-4270-BC6D-AD2BDC2E61B1}.Debug|x86.ActiveCfg = Debug|Any CPU
		{6A60E949-D3BE-4270-BC6D-AD2BDC2E61B1}.Debug|x86.Build.0 = Debug|Any CPU
		{6A60E949-D3BE-4270-BC6D-AD2BDC2E61B1}.Release|Any CPU.ActiveCfg = Release|Any CPU
		{6A60E949-D3BE-4270-BC6D-AD2BDC2E61B1}.Release|Any CPU.Build.0 = Release|Any CPU
		{6A60E949-D3BE-4270-BC6D-AD2BDC2E61B1}.Release|x64.ActiveCfg = Release|Any CPU
		{6A60E949-D3BE-4270-BC6D-AD2BDC2E61B1}.Release|x64.Build.0 = Release|Any CPU
		{6A60E949-D3BE-4270-BC6D-AD2BDC2E61B1}.Release|x86.ActiveCfg = Release|Any CPU
		{6A60E949-D3BE-4270-BC6D-AD2BDC2E61B1}.Release|x86.Build.0 = Release|Any CPU
		{557B5F6A-47F2-460A-908B-3A40139BA374}.Debug|Any CPU.ActiveCfg = Debug|Any CPU
		{557B5F6A-47F2-460A-908B-3A40139BA374}.Debug|Any CPU.Build.0 = Debug|Any CPU
		{557B5F6A-47F2-460A-908B-3A40139BA374}.Debug|x64.ActiveCfg = Debug|Any CPU
		{557B5F6A-47F2-460A-908B-3A40139BA374}.Debug|x64.Build.0 = Debug|Any CPU
		{557B5F6A-47F2-460A-908B-3A40139BA374}.Debug|x86.ActiveCfg = Debug|Any CPU
		{557B5F6A-47F2-460A-908B-3A40139BA374}.Debug|x86.Build.0 = Debug|Any CPU
		{557B5F6A-47F2-460A-908B-3A40139BA374}.Release|Any CPU.ActiveCfg = Release|Any CPU
		{557B5F6A-47F2-460A-908B-3A40139BA374}.Release|Any CPU.Build.0 = Release|Any CPU
		{557B5F6A-47F2-460A-908B-3A40139BA374}.Release|x64.ActiveCfg = Release|Any CPU
		{557B5F6A-47F2-460A-908B-3A40139BA374}.Release|x64.Build.0 = Release|Any CPU
		{557B5F6A-47F2-460A-908B-3A40139BA374}.Release|x86.ActiveCfg = Release|Any CPU
		{557B5F6A-47F2-460A-908B-3A40139BA374}.Release|x86.Build.0 = Release|Any CPU
		{6D8B0635-B1D2-4492-8FBB-16F06457E38F}.Debug|Any CPU.ActiveCfg = Debug|Any CPU
		{6D8B0635-B1D2-4492-8FBB-16F06457E38F}.Debug|Any CPU.Build.0 = Debug|Any CPU
		{6D8B0635-B1D2-4492-8FBB-16F06457E38F}.Debug|x64.ActiveCfg = Debug|Any CPU
		{6D8B0635-B1D2-4492-8FBB-16F06457E38F}.Debug|x64.Build.0 = Debug|Any CPU
		{6D8B0635-B1D2-4492-8FBB-16F06457E38F}.Debug|x86.ActiveCfg = Debug|Any CPU
		{6D8B0635-B1D2-4492-8FBB-16F06457E38F}.Debug|x86.Build.0 = Debug|Any CPU
		{6D8B0635-B1D2-4492-8FBB-16F06457E38F}.Release|Any CPU.ActiveCfg = Release|Any CPU
		{6D8B0635-B1D2-4492-8FBB-16F06457E38F}.Release|Any CPU.Build.0 = Release|Any CPU
		{6D8B0635-B1D2-4492-8FBB-16F06457E38F}.Release|x64.ActiveCfg = Release|Any CPU
		{6D8B0635-B1D2-4492-8FBB-16F06457E38F}.Release|x64.Build.0 = Release|Any CPU
		{6D8B0635-B1D2-4492-8FBB-16F06457E38F}.Release|x86.ActiveCfg = Release|Any CPU
		{6D8B0635-B1D2-4492-8FBB-16F06457E38F}.Release|x86.Build.0 = Release|Any CPU
		{0B249956-D070-45E6-832E-6E6210989A62}.Debug|Any CPU.ActiveCfg = Debug|Any CPU
		{0B249956-D070-45E6-832E-6E6210989A62}.Debug|Any CPU.Build.0 = Debug|Any CPU
		{0B249956-D070-45E6-832E-6E6210989A62}.Debug|x64.ActiveCfg = Debug|Any CPU
		{0B249956-D070-45E6-832E-6E6210989A62}.Debug|x64.Build.0 = Debug|Any CPU
		{0B249956-D070-45E6-832E-6E6210989A62}.Debug|x86.ActiveCfg = Debug|Any CPU
		{0B249956-D070-45E6-832E-6E6210989A62}.Debug|x86.Build.0 = Debug|Any CPU
		{0B249956-D070-45E6-832E-6E6210989A62}.Release|Any CPU.ActiveCfg = Release|Any CPU
		{0B249956-D070-45E6-832E-6E6210989A62}.Release|Any CPU.Build.0 = Release|Any CPU
		{0B249956-D070-45E6-832E-6E6210989A62}.Release|x64.ActiveCfg = Release|Any CPU
		{0B249956-D070-45E6-832E-6E6210989A62}.Release|x64.Build.0 = Release|Any CPU
		{0B249956-D070-45E6-832E-6E6210989A62}.Release|x86.ActiveCfg = Release|Any CPU
		{0B249956-D070-45E6-832E-6E6210989A62}.Release|x86.Build.0 = Release|Any CPU
		{AAD76FF5-E771-45A8-8E93-58AD59540312}.Debug|Any CPU.ActiveCfg = Debug|Any CPU
		{AAD76FF5-E771-45A8-8E93-58AD59540312}.Debug|Any CPU.Build.0 = Debug|Any CPU
		{AAD76FF5-E771-45A8-8E93-58AD59540312}.Debug|x64.ActiveCfg = Debug|Any CPU
		{AAD76FF5-E771-45A8-8E93-58AD59540312}.Debug|x64.Build.0 = Debug|Any CPU
		{AAD76FF5-E771-45A8-8E93-58AD59540312}.Debug|x86.ActiveCfg = Debug|Any CPU
		{AAD76FF5-E771-45A8-8E93-58AD59540312}.Debug|x86.Build.0 = Debug|Any CPU
		{AAD76FF5-E771-45A8-8E93-58AD59540312}.Release|Any CPU.ActiveCfg = Release|Any CPU
		{AAD76FF5-E771-45A8-8E93-58AD59540312}.Release|Any CPU.Build.0 = Release|Any CPU
		{AAD76FF5-E771-45A8-8E93-58AD59540312}.Release|x64.ActiveCfg = Release|Any CPU
		{AAD76FF5-E771-45A8-8E93-58AD59540312}.Release|x64.Build.0 = Release|Any CPU
		{AAD76FF5-E771-45A8-8E93-58AD59540312}.Release|x86.ActiveCfg = Release|Any CPU
		{AAD76FF5-E771-45A8-8E93-58AD59540312}.Release|x86.Build.0 = Release|Any CPU
		{A90A8EAE-49F8-4349-BEA8-A9B1E79BACCB}.Debug|Any CPU.ActiveCfg = Debug|Any CPU
		{A90A8EAE-49F8-4349-BEA8-A9B1E79BACCB}.Debug|Any CPU.Build.0 = Debug|Any CPU
		{A90A8EAE-49F8-4349-BEA8-A9B1E79BACCB}.Debug|x64.ActiveCfg = Debug|Any CPU
		{A90A8EAE-49F8-4349-BEA8-A9B1E79BACCB}.Debug|x64.Build.0 = Debug|Any CPU
		{A90A8EAE-49F8-4349-BEA8-A9B1E79BACCB}.Debug|x86.ActiveCfg = Debug|Any CPU
		{A90A8EAE-49F8-4349-BEA8-A9B1E79BACCB}.Debug|x86.Build.0 = Debug|Any CPU
		{A90A8EAE-49F8-4349-BEA8-A9B1E79BACCB}.Release|Any CPU.ActiveCfg = Release|Any CPU
		{A90A8EAE-49F8-4349-BEA8-A9B1E79BACCB}.Release|Any CPU.Build.0 = Release|Any CPU
		{A90A8EAE-49F8-4349-BEA8-A9B1E79BACCB}.Release|x64.ActiveCfg = Release|Any CPU
		{A90A8EAE-49F8-4349-BEA8-A9B1E79BACCB}.Release|x64.Build.0 = Release|Any CPU
		{A90A8EAE-49F8-4349-BEA8-A9B1E79BACCB}.Release|x86.ActiveCfg = Release|Any CPU
		{A90A8EAE-49F8-4349-BEA8-A9B1E79BACCB}.Release|x86.Build.0 = Release|Any CPU
		{652CFEC4-EB54-428B-AFE9-E14174BB5428}.Debug|Any CPU.ActiveCfg = Debug|Any CPU
		{652CFEC4-EB54-428B-AFE9-E14174BB5428}.Debug|Any CPU.Build.0 = Debug|Any CPU
		{652CFEC4-EB54-428B-AFE9-E14174BB5428}.Debug|x64.ActiveCfg = Debug|Any CPU
		{652CFEC4-EB54-428B-AFE9-E14174BB5428}.Debug|x64.Build.0 = Debug|Any CPU
		{652CFEC4-EB54-428B-AFE9-E14174BB5428}.Debug|x86.ActiveCfg = Debug|Any CPU
		{652CFEC4-EB54-428B-AFE9-E14174BB5428}.Debug|x86.Build.0 = Debug|Any CPU
		{652CFEC4-EB54-428B-AFE9-E14174BB5428}.Release|Any CPU.ActiveCfg = Release|Any CPU
		{652CFEC4-EB54-428B-AFE9-E14174BB5428}.Release|Any CPU.Build.0 = Release|Any CPU
		{652CFEC4-EB54-428B-AFE9-E14174BB5428}.Release|x64.ActiveCfg = Release|Any CPU
		{652CFEC4-EB54-428B-AFE9-E14174BB5428}.Release|x64.Build.0 = Release|Any CPU
		{652CFEC4-EB54-428B-AFE9-E14174BB5428}.Release|x86.ActiveCfg = Release|Any CPU
		{652CFEC4-EB54-428B-AFE9-E14174BB5428}.Release|x86.Build.0 = Release|Any CPU
		{EBE92802-274F-4A72-B337-2442C1D95A0B}.Debug|Any CPU.ActiveCfg = Debug|Any CPU
		{EBE92802-274F-4A72-B337-2442C1D95A0B}.Debug|Any CPU.Build.0 = Debug|Any CPU
		{EBE92802-274F-4A72-B337-2442C1D95A0B}.Debug|x64.ActiveCfg = Debug|Any CPU
		{EBE92802-274F-4A72-B337-2442C1D95A0B}.Debug|x64.Build.0 = Debug|Any CPU
		{EBE92802-274F-4A72-B337-2442C1D95A0B}.Debug|x86.ActiveCfg = Debug|Any CPU
		{EBE92802-274F-4A72-B337-2442C1D95A0B}.Debug|x86.Build.0 = Debug|Any CPU
		{EBE92802-274F-4A72-B337-2442C1D95A0B}.Release|Any CPU.ActiveCfg = Release|Any CPU
		{EBE92802-274F-4A72-B337-2442C1D95A0B}.Release|Any CPU.Build.0 = Release|Any CPU
		{EBE92802-274F-4A72-B337-2442C1D95A0B}.Release|x64.ActiveCfg = Release|Any CPU
		{EBE92802-274F-4A72-B337-2442C1D95A0B}.Release|x64.Build.0 = Release|Any CPU
		{EBE92802-274F-4A72-B337-2442C1D95A0B}.Release|x86.ActiveCfg = Release|Any CPU
		{EBE92802-274F-4A72-B337-2442C1D95A0B}.Release|x86.Build.0 = Release|Any CPU
		{62D5982B-3238-4371-B307-9C8CCA80B07A}.Debug|Any CPU.ActiveCfg = Debug|Any CPU
		{62D5982B-3238-4371-B307-9C8CCA80B07A}.Debug|Any CPU.Build.0 = Debug|Any CPU
		{62D5982B-3238-4371-B307-9C8CCA80B07A}.Debug|x64.ActiveCfg = Debug|Any CPU
		{62D5982B-3238-4371-B307-9C8CCA80B07A}.Debug|x64.Build.0 = Debug|Any CPU
		{62D5982B-3238-4371-B307-9C8CCA80B07A}.Debug|x86.ActiveCfg = Debug|Any CPU
		{62D5982B-3238-4371-B307-9C8CCA80B07A}.Debug|x86.Build.0 = Debug|Any CPU
		{62D5982B-3238-4371-B307-9C8CCA80B07A}.Release|Any CPU.ActiveCfg = Release|Any CPU
		{62D5982B-3238-4371-B307-9C8CCA80B07A}.Release|Any CPU.Build.0 = Release|Any CPU
		{62D5982B-3238-4371-B307-9C8CCA80B07A}.Release|x64.ActiveCfg = Release|Any CPU
		{62D5982B-3238-4371-B307-9C8CCA80B07A}.Release|x64.Build.0 = Release|Any CPU
		{62D5982B-3238-4371-B307-9C8CCA80B07A}.Release|x86.ActiveCfg = Release|Any CPU
		{62D5982B-3238-4371-B307-9C8CCA80B07A}.Release|x86.Build.0 = Release|Any CPU
		{0A8D70F8-10AF-4FEF-947A-27F0F423EB48}.Debug|Any CPU.ActiveCfg = Debug|Any CPU
		{0A8D70F8-10AF-4FEF-947A-27F0F423EB48}.Debug|Any CPU.Build.0 = Debug|Any CPU
		{0A8D70F8-10AF-4FEF-947A-27F0F423EB48}.Debug|x64.ActiveCfg = Debug|Any CPU
		{0A8D70F8-10AF-4FEF-947A-27F0F423EB48}.Debug|x64.Build.0 = Debug|Any CPU
		{0A8D70F8-10AF-4FEF-947A-27F0F423EB48}.Debug|x86.ActiveCfg = Debug|Any CPU
		{0A8D70F8-10AF-4FEF-947A-27F0F423EB48}.Debug|x86.Build.0 = Debug|Any CPU
		{0A8D70F8-10AF-4FEF-947A-27F0F423EB48}.Release|Any CPU.ActiveCfg = Release|Any CPU
		{0A8D70F8-10AF-4FEF-947A-27F0F423EB48}.Release|Any CPU.Build.0 = Release|Any CPU
		{0A8D70F8-10AF-4FEF-947A-27F0F423EB48}.Release|x64.ActiveCfg = Release|Any CPU
		{0A8D70F8-10AF-4FEF-947A-27F0F423EB48}.Release|x64.Build.0 = Release|Any CPU
		{0A8D70F8-10AF-4FEF-947A-27F0F423EB48}.Release|x86.ActiveCfg = Release|Any CPU
		{0A8D70F8-10AF-4FEF-947A-27F0F423EB48}.Release|x86.Build.0 = Release|Any CPU
		{8F7973D5-5CD8-43CB-8941-691167BC4D75}.Debug|Any CPU.ActiveCfg = Debug|Any CPU
		{8F7973D5-5CD8-43CB-8941-691167BC4D75}.Debug|Any CPU.Build.0 = Debug|Any CPU
		{8F7973D5-5CD8-43CB-8941-691167BC4D75}.Debug|x64.ActiveCfg = Debug|Any CPU
		{8F7973D5-5CD8-43CB-8941-691167BC4D75}.Debug|x64.Build.0 = Debug|Any CPU
		{8F7973D5-5CD8-43CB-8941-691167BC4D75}.Debug|x86.ActiveCfg = Debug|Any CPU
		{8F7973D5-5CD8-43CB-8941-691167BC4D75}.Debug|x86.Build.0 = Debug|Any CPU
		{8F7973D5-5CD8-43CB-8941-691167BC4D75}.Release|Any CPU.ActiveCfg = Release|Any CPU
		{8F7973D5-5CD8-43CB-8941-691167BC4D75}.Release|Any CPU.Build.0 = Release|Any CPU
		{8F7973D5-5CD8-43CB-8941-691167BC4D75}.Release|x64.ActiveCfg = Release|Any CPU
		{8F7973D5-5CD8-43CB-8941-691167BC4D75}.Release|x64.Build.0 = Release|Any CPU
		{8F7973D5-5CD8-43CB-8941-691167BC4D75}.Release|x86.ActiveCfg = Release|Any CPU
		{8F7973D5-5CD8-43CB-8941-691167BC4D75}.Release|x86.Build.0 = Release|Any CPU
	EndGlobalSection
	GlobalSection(SolutionProperties) = preSolution
		HideSolutionNode = FALSE
	EndGlobalSection
	GlobalSection(NestedProjects) = preSolution
		{A21A6857-927A-DC29-726B-77DA6C243883} = {827E0CD3-B72D-47B6-A68D-7590B98EB39B}
		{80913522-8C14-4A34-95FA-77E2009D6805} = {A21A6857-927A-DC29-726B-77DA6C243883}
		{981C2CF6-E5BB-602A-511C-234B538302B0} = {827E0CD3-B72D-47B6-A68D-7590B98EB39B}
		{AD66DB0E-209A-4307-A9BD-81AF152CBDEE} = {981C2CF6-E5BB-602A-511C-234B538302B0}
		{EC447DCF-ABFA-6E24-52A5-D7FD48A5C558} = {827E0CD3-B72D-47B6-A68D-7590B98EB39B}
		{325B5D7A-AB47-4CD4-BE2A-8AA8FA167188} = {EC447DCF-ABFA-6E24-52A5-D7FD48A5C558}
		{A54D3C56-12D5-4519-8652-34E5B0A99194} = {EC447DCF-ABFA-6E24-52A5-D7FD48A5C558}
		{A0EFB94F-D9A5-4A5C-91D9-E7E56E1B1519} = {EC447DCF-ABFA-6E24-52A5-D7FD48A5C558}
		{6A60E949-D3BE-4270-BC6D-AD2BDC2E61B1} = {EC447DCF-ABFA-6E24-52A5-D7FD48A5C558}
		{557B5F6A-47F2-460A-908B-3A40139BA374} = {EC447DCF-ABFA-6E24-52A5-D7FD48A5C558}
		{DCB6FCB8-FF92-AC57-0842-1F72A354D6B1} = {827E0CD3-B72D-47B6-A68D-7590B98EB39B}
		{6D8B0635-B1D2-4492-8FBB-16F06457E38F} = {DCB6FCB8-FF92-AC57-0842-1F72A354D6B1}
		{0B249956-D070-45E6-832E-6E6210989A62} = {981C2CF6-E5BB-602A-511C-234B538302B0}
		{AAD76FF5-E771-45A8-8E93-58AD59540312} = {EC447DCF-ABFA-6E24-52A5-D7FD48A5C558}
		{A90A8EAE-49F8-4349-BEA8-A9B1E79BACCB} = {0AB3BF05-4346-4AA6-1389-037BE0695223}
		{652CFEC4-EB54-428B-AFE9-E14174BB5428} = {0AB3BF05-4346-4AA6-1389-037BE0695223}
		{EBE92802-274F-4A72-B337-2442C1D95A0B} = {0AB3BF05-4346-4AA6-1389-037BE0695223}
		{35C501C9-8590-3B46-F622-E1ABED50CEA9} = {0AB3BF05-4346-4AA6-1389-037BE0695223}
		{62D5982B-3238-4371-B307-9C8CCA80B07A} = {35C501C9-8590-3B46-F622-E1ABED50CEA9}
		{0A8D70F8-10AF-4FEF-947A-27F0F423EB48} = {35C501C9-8590-3B46-F622-E1ABED50CEA9}
		{8F7973D5-5CD8-43CB-8941-691167BC4D75} = {35C501C9-8590-3B46-F622-E1ABED50CEA9}
	EndGlobalSection
EndGlobal
